
Microsoft Visual Studio Solution File, Format Version 12.00
# Visual Studio Version 17
VisualStudioVersion = 17.6.33829.357
MinimumVisualStudioVersion = 10.0.40219.1
Project("{FAE04EC0-301F-11D3-BF4B-00C04F79EFBC}") = "findtext", "findtext.csproj", "{8984E1AE-BA52-49A1-AC4F-DD3543600DCE}"
EndProject
Global
	GlobalSection(SolutionConfigurationPlatforms) = preSolution
		Debug|Any CPU = Debug|Any CPU
		Release|Any CPU = Release|Any CPU
	EndGlobalSection
	GlobalSection(ProjectConfigurationPlatforms) = postSolution
		{8984E1AE-BA52-49A1-AC4F-DD3543600DCE}.Debug|Any CPU.ActiveCfg = Debug|Any CPU
		{8984E1AE-BA52-49A1-AC4F-DD3543600DCE}.Debug|Any CPU.Build.0 = Debug|Any CPU
		{8984E1AE-BA52-49A1-AC4F-DD3543600DCE}.Release|Any CPU.ActiveCfg = Release|Any CPU
		{8984E1AE-BA52-49A1-AC4F-DD3543600DCE}.Release|Any CPU.Build.0 = Release|Any CPU
	EndGlobalSection
	GlobalSection(SolutionProperties) = preSolution
		HideSolutionNode = FALSE
	EndGlobalSection
	GlobalSection(ExtensibilityGlobals) = postSolution
		SolutionGuid = {53E563A8-78E9-4D6C-A493-7FDEE4874F37}
	EndGlobalSection
EndGlobal
