
Microsoft Visual Studio Solution File, Format Version 12.00
# Visual Studio Version 17
VisualStudioVersion = 17.6.33829.357
MinimumVisualStudioVersion = 10.0.40219.1
Project("{9A19103F-16F7-4668-BE54-9A1E7A4F7556}") = "join", "join.csproj", "{4A30DC5B-352B-49E1-AF7D-581F431F80B1}"
EndProject
Global
	GlobalSection(SolutionConfigurationPlatforms) = preSolution
		Debug|Any CPU = Debug|Any CPU
		Release|Any CPU = Release|Any CPU
	EndGlobalSection
	GlobalSection(ProjectConfigurationPlatforms) = postSolution
		{4A30DC5B-352B-49E1-AF7D-581F431F80B1}.Debug|Any CPU.ActiveCfg = Debug|Any CPU
		{4A30DC5B-352B-49E1-AF7D-581F431F80B1}.Debug|Any CPU.Build.0 = Debug|Any CPU
		{4A30DC5B-352B-49E1-AF7D-581F431F80B1}.Release|Any CPU.ActiveCfg = Release|Any CPU
		{4A30DC5B-352B-49E1-AF7D-581F431F80B1}.Release|Any CPU.Build.0 = Release|Any CPU
	EndGlobalSection
	GlobalSection(SolutionProperties) = preSolution
		HideSolutionNode = FALSE
	EndGlobalSection
	GlobalSection(ExtensibilityGlobals) = postSolution
		SolutionGuid = {95AE28F5-E86C-4ACE-A5FE-867D2108E489}
	EndGlobalSection
EndGlobal
