
Microsoft Visual Studio Solution File, Format Version 12.00
# Visual Studio Version 17
VisualStudioVersion = 17.6.33829.357
MinimumVisualStudioVersion = 10.0.40219.1
Project("{FAE04EC0-301F-11D3-BF4B-00C04F79EFBC}") = "compare", "compare.csproj", "{C2D6F9B2-845B-42F8-9D2F-EE7E5E51AA54}"
EndProject
Global
	GlobalSection(SolutionConfigurationPlatforms) = preSolution
		Debug|Any CPU = Debug|Any CPU
		Release|Any CPU = Release|Any CPU
	EndGlobalSection
	GlobalSection(ProjectConfigurationPlatforms) = postSolution
		{C2D6F9B2-845B-42F8-9D2F-EE7E5E51AA54}.Debug|Any CPU.ActiveCfg = Debug|Any CPU
		{C2D6F9B2-845B-42F8-9D2F-EE7E5E51AA54}.Debug|Any CPU.Build.0 = Debug|Any CPU
		{C2D6F9B2-845B-42F8-9D2F-EE7E5E51AA54}.Release|Any CPU.ActiveCfg = Release|Any CPU
		{C2D6F9B2-845B-42F8-9D2F-EE7E5E51AA54}.Release|Any CPU.Build.0 = Release|Any CPU
	EndGlobalSection
	GlobalSection(SolutionProperties) = preSolution
		HideSolutionNode = FALSE
	EndGlobalSection
	GlobalSection(ExtensibilityGlobals) = postSolution
		SolutionGuid = {FCC9B937-FB80-4F67-82BD-D4F12D286967}
	EndGlobalSection
EndGlobal
